
Microsoft Visual Studio Solution File, Format Version 12.00
# Visual Studio Version 17
VisualStudioVersion = 17.3.32825.248
MinimumVisualStudioVersion = 10.0.40219.1
Project("{FAE04EC0-301F-11D3-BF4B-00C04F79EFBC}") = "LINQExamples", "LINQExamples\LINQExamples.csproj", "{0A15764B-D1A3-416E-913B-0F1E63F4A314}"
EndProject
Project("{FAE04EC0-301F-11D3-BF4B-00C04F79EFBC}") = "Rad301-2022-Week1-Lab1", "Rad301-2022-Week1-Lab1\Rad301-2022-Week1-Lab1.csproj", "{F29C15A3-F56A-44EE-B03C-135CE4412768}"
EndProject
Project("{FAE04EC0-301F-11D3-BF4B-00C04F79EFBC}") = "Week2Lab1ConsoleApp2022", "Week2Lab1ConsoleApp2022\Week2Lab1ConsoleApp2022.csproj", "{197A07C4-4727-48B9-A05F-41C0D922641D}"
EndProject
Project("{FAE04EC0-301F-11D3-BF4B-00C04F79EFBC}") = "Week3ClubDomain22.BusinessModel", "Week3ClubDomain22.BusinessModel\Week3ClubDomain22.BusinessModel.csproj", "{5B536CA4-D6EE-47E3-A66B-E15274874C5B}"
EndProject
Project("{FAE04EC0-301F-11D3-BF4B-00C04F79EFBC}") = "Week3MVCClub22", "Week3MVCClub22\Week3MVCClub22.csproj", "{6658A689-13AD-497E-8AF1-2E6C91937A56}"
EndProject
Project("{FAE04EC0-301F-11D3-BF4B-00C04F79EFBC}") = "RAD3012223Week4.ClubDomain.DataLayer", "RAD3012223Week.ClubDomain.DataLayer\RAD3012223Week4.ClubDomain.DataLayer.csproj", "{3B4677D9-C5A6-4DA5-B1F9-10BB969703CF}"
EndProject
Project("{FAE04EC0-301F-11D3-BF4B-00C04F79EFBC}") = "RAD3012223Week4.MVClub", "RAD3012223Week4.MVClub\RAD3012223Week4.MVClub.csproj", "{0BA274AC-B3A9-49CB-AA89-AAFCD7B141FE}"
EndProject
Project("{FAE04EC0-301F-11D3-BF4B-00C04F79EFBC}") = "Rad3012223.ClubData.ClassLibrary.Week5", "Rad3012223.ClubData.ClassLibrary.Week5\Rad3012223.ClubData.ClassLibrary.Week5.csproj", "{32BA235C-8EC7-4456-A8ED-27D44EFEABD6}"
EndProject
Project("{FAE04EC0-301F-11D3-BF4B-00C04F79EFBC}") = "Rad3012223.MVC.Week5", "Rad3012223.MVC.Week5\Rad3012223.MVC.Week5.csproj", "{44625BA9-3685-4CF8-BE47-02B6EE760088}"
EndProject
Project("{FAE04EC0-301F-11D3-BF4B-00C04F79EFBC}") = "Week8ClassLibary2022.DataLayer", "Week8ClassLibary2022.DataLayer\Week8ClassLibary2022.DataLayer.csproj", "{67D3E2E4-39A8-4284-9DBC-DC21F16F6B40}"
EndProject
Project("{FAE04EC0-301F-11D3-BF4B-00C04F79EFBC}") = "Week82022.MVC", "Week82022.MVC\Week82022.MVC.csproj", "{49B4E048-43C3-4E34-B78F-F4820E59A0E0}"
EndProject
Project("{FAE04EC0-301F-11D3-BF4B-00C04F79EFBC}") = "Week09.Data.ClassLib", "Week09.Data.ClassLib\Week09.Data.ClassLib.csproj", "{195EBAD3-FC16-46B6-9BF2-0066FC6D118D}"
EndProject
Project("{FAE04EC0-301F-11D3-BF4B-00C04F79EFBC}") = "Week09.MVC.S00211357", "Week09.MVC.S00211357\Week09.MVC.S00211357.csproj", "{1A348C83-A9C1-4E37-B6E3-303BEA47DA40}"
EndProject
Project("{FAE04EC0-301F-11D3-BF4B-00C04F79EFBC}") = "Week10ClassLibrarys00211357", "Week10ClassLibrarys00211357\Week10ClassLibrarys00211357.csproj", "{8886E97A-65E4-47FC-A716-F96E50DF8919}"
EndProject
Project("{FAE04EC0-301F-11D3-BF4B-00C04F79EFBC}") = "Week10MVCs00211357", "Week10MVCs00211357\Week10MVCs00211357.csproj", "{A56BFFCC-CB2F-416A-A28C-5EEEA42EB526}"
EndProject
Project("{FAE04EC0-301F-11D3-BF4B-00C04F79EFBC}") = "Week12HealthDomain2223.S00211357", "Week12HealthDomain2223.S00211357\Week12HealthDomain2223.S00211357.csproj", "{5ADF76CD-E772-4B57-AD74-45F01769F95E}"
EndProject
Project("{FAE04EC0-301F-11D3-BF4B-00C04F79EFBC}") = "Week12MVCHealthApp2223.S00211357", "Week12MVCHealthApp2223.S00211357\Week12MVCHealthApp2223.S00211357.csproj", "{99BD1C8B-BFE6-44EF-B769-C6911E899DD5}"
EndProject
Project("{FAE04EC0-301F-11D3-BF4B-00C04F79EFBC}") = "Week12ConsoleApp.S00211357", "Week12ConsoleApp.S00211357\Week12ConsoleApp.S00211357.csproj", "{CA6D89A7-2622-4C06-A037-C618ADE98AAD}"
EndProject
Global
	GlobalSection(SolutionConfigurationPlatforms) = preSolution
		Debug|Any CPU = Debug|Any CPU
		Release|Any CPU = Release|Any CPU
	EndGlobalSection
	GlobalSection(ProjectConfigurationPlatforms) = postSolution
		{0A15764B-D1A3-416E-913B-0F1E63F4A314}.Debug|Any CPU.ActiveCfg = Debug|Any CPU
		{0A15764B-D1A3-416E-913B-0F1E63F4A314}.Debug|Any CPU.Build.0 = Debug|Any CPU
		{0A15764B-D1A3-416E-913B-0F1E63F4A314}.Release|Any CPU.ActiveCfg = Release|Any CPU
		{0A15764B-D1A3-416E-913B-0F1E63F4A314}.Release|Any CPU.Build.0 = Release|Any CPU
		{F29C15A3-F56A-44EE-B03C-135CE4412768}.Debug|Any CPU.ActiveCfg = Debug|Any CPU
		{F29C15A3-F56A-44EE-B03C-135CE4412768}.Debug|Any CPU.Build.0 = Debug|Any CPU
		{F29C15A3-F56A-44EE-B03C-135CE4412768}.Release|Any CPU.ActiveCfg = Release|Any CPU
		{F29C15A3-F56A-44EE-B03C-135CE4412768}.Release|Any CPU.Build.0 = Release|Any CPU
		{197A07C4-4727-48B9-A05F-41C0D922641D}.Debug|Any CPU.ActiveCfg = Debug|Any CPU
		{197A07C4-4727-48B9-A05F-41C0D922641D}.Debug|Any CPU.Build.0 = Debug|Any CPU
		{197A07C4-4727-48B9-A05F-41C0D922641D}.Release|Any CPU.ActiveCfg = Release|Any CPU
		{197A07C4-4727-48B9-A05F-41C0D922641D}.Release|Any CPU.Build.0 = Release|Any CPU
		{5B536CA4-D6EE-47E3-A66B-E15274874C5B}.Debug|Any CPU.ActiveCfg = Debug|Any CPU
		{5B536CA4-D6EE-47E3-A66B-E15274874C5B}.Debug|Any CPU.Build.0 = Debug|Any CPU
		{5B536CA4-D6EE-47E3-A66B-E15274874C5B}.Release|Any CPU.ActiveCfg = Release|Any CPU
		{5B536CA4-D6EE-47E3-A66B-E15274874C5B}.Release|Any CPU.Build.0 = Release|Any CPU
		{6658A689-13AD-497E-8AF1-2E6C91937A56}.Debug|Any CPU.ActiveCfg = Debug|Any CPU
		{6658A689-13AD-497E-8AF1-2E6C91937A56}.Debug|Any CPU.Build.0 = Debug|Any CPU
		{6658A689-13AD-497E-8AF1-2E6C91937A56}.Release|Any CPU.ActiveCfg = Release|Any CPU
		{6658A689-13AD-497E-8AF1-2E6C91937A56}.Release|Any CPU.Build.0 = Release|Any CPU
		{3B4677D9-C5A6-4DA5-B1F9-10BB969703CF}.Debug|Any CPU.ActiveCfg = Debug|Any CPU
		{3B4677D9-C5A6-4DA5-B1F9-10BB969703CF}.Debug|Any CPU.Build.0 = Debug|Any CPU
		{3B4677D9-C5A6-4DA5-B1F9-10BB969703CF}.Release|Any CPU.ActiveCfg = Release|Any CPU
		{3B4677D9-C5A6-4DA5-B1F9-10BB969703CF}.Release|Any CPU.Build.0 = Release|Any CPU
		{0BA274AC-B3A9-49CB-AA89-AAFCD7B141FE}.Debug|Any CPU.ActiveCfg = Debug|Any CPU
		{0BA274AC-B3A9-49CB-AA89-AAFCD7B141FE}.Debug|Any CPU.Build.0 = Debug|Any CPU
		{0BA274AC-B3A9-49CB-AA89-AAFCD7B141FE}.Release|Any CPU.ActiveCfg = Release|Any CPU
		{0BA274AC-B3A9-49CB-AA89-AAFCD7B141FE}.Release|Any CPU.Build.0 = Release|Any CPU
		{32BA235C-8EC7-4456-A8ED-27D44EFEABD6}.Debug|Any CPU.ActiveCfg = Debug|Any CPU
		{32BA235C-8EC7-4456-A8ED-27D44EFEABD6}.Debug|Any CPU.Build.0 = Debug|Any CPU
		{32BA235C-8EC7-4456-A8ED-27D44EFEABD6}.Release|Any CPU.ActiveCfg = Release|Any CPU
		{32BA235C-8EC7-4456-A8ED-27D44EFEABD6}.Release|Any CPU.Build.0 = Release|Any CPU
		{44625BA9-3685-4CF8-BE47-02B6EE760088}.Debug|Any CPU.ActiveCfg = Debug|Any CPU
		{44625BA9-3685-4CF8-BE47-02B6EE760088}.Debug|Any CPU.Build.0 = Debug|Any CPU
		{44625BA9-3685-4CF8-BE47-02B6EE760088}.Release|Any CPU.ActiveCfg = Release|Any CPU
		{44625BA9-3685-4CF8-BE47-02B6EE760088}.Release|Any CPU.Build.0 = Release|Any CPU
		{67D3E2E4-39A8-4284-9DBC-DC21F16F6B40}.Debug|Any CPU.ActiveCfg = Debug|Any CPU
		{67D3E2E4-39A8-4284-9DBC-DC21F16F6B40}.Debug|Any CPU.Build.0 = Debug|Any CPU
		{67D3E2E4-39A8-4284-9DBC-DC21F16F6B40}.Release|Any CPU.ActiveCfg = Release|Any CPU
		{67D3E2E4-39A8-4284-9DBC-DC21F16F6B40}.Release|Any CPU.Build.0 = Release|Any CPU
		{49B4E048-43C3-4E34-B78F-F4820E59A0E0}.Debug|Any CPU.ActiveCfg = Debug|Any CPU
		{49B4E048-43C3-4E34-B78F-F4820E59A0E0}.Debug|Any CPU.Build.0 = Debug|Any CPU
		{49B4E048-43C3-4E34-B78F-F4820E59A0E0}.Release|Any CPU.ActiveCfg = Release|Any CPU
		{49B4E048-43C3-4E34-B78F-F4820E59A0E0}.Release|Any CPU.Build.0 = Release|Any CPU
		{195EBAD3-FC16-46B6-9BF2-0066FC6D118D}.Debug|Any CPU.ActiveCfg = Debug|Any CPU
		{195EBAD3-FC16-46B6-9BF2-0066FC6D118D}.Debug|Any CPU.Build.0 = Debug|Any CPU
		{195EBAD3-FC16-46B6-9BF2-0066FC6D118D}.Release|Any CPU.ActiveCfg = Release|Any CPU
		{195EBAD3-FC16-46B6-9BF2-0066FC6D118D}.Release|Any CPU.Build.0 = Release|Any CPU
		{1A348C83-A9C1-4E37-B6E3-303BEA47DA40}.Debug|Any CPU.ActiveCfg = Debug|Any CPU
		{1A348C83-A9C1-4E37-B6E3-303BEA47DA40}.Debug|Any CPU.Build.0 = Debug|Any CPU
		{1A348C83-A9C1-4E37-B6E3-303BEA47DA40}.Release|Any CPU.ActiveCfg = Release|Any CPU
		{1A348C83-A9C1-4E37-B6E3-303BEA47DA40}.Release|Any CPU.Build.0 = Release|Any CPU
		{8886E97A-65E4-47FC-A716-F96E50DF8919}.Debug|Any CPU.ActiveCfg = Debug|Any CPU
		{8886E97A-65E4-47FC-A716-F96E50DF8919}.Debug|Any CPU.Build.0 = Debug|Any CPU
		{8886E97A-65E4-47FC-A716-F96E50DF8919}.Release|Any CPU.ActiveCfg = Release|Any CPU
		{8886E97A-65E4-47FC-A716-F96E50DF8919}.Release|Any CPU.Build.0 = Release|Any CPU
		{A56BFFCC-CB2F-416A-A28C-5EEEA42EB526}.Debug|Any CPU.ActiveCfg = Debug|Any CPU
		{A56BFFCC-CB2F-416A-A28C-5EEEA42EB526}.Debug|Any CPU.Build.0 = Debug|Any CPU
		{A56BFFCC-CB2F-416A-A28C-5EEEA42EB526}.Release|Any CPU.ActiveCfg = Release|Any CPU
		{A56BFFCC-CB2F-416A-A28C-5EEEA42EB526}.Release|Any CPU.Build.0 = Release|Any CPU
		{5ADF76CD-E772-4B57-AD74-45F01769F95E}.Debug|Any CPU.ActiveCfg = Debug|Any CPU
		{5ADF76CD-E772-4B57-AD74-45F01769F95E}.Debug|Any CPU.Build.0 = Debug|Any CPU
		{5ADF76CD-E772-4B57-AD74-45F01769F95E}.Release|Any CPU.ActiveCfg = Release|Any CPU
		{5ADF76CD-E772-4B57-AD74-45F01769F95E}.Release|Any CPU.Build.0 = Release|Any CPU
		{99BD1C8B-BFE6-44EF-B769-C6911E899DD5}.Debug|Any CPU.ActiveCfg = Debug|Any CPU
		{99BD1C8B-BFE6-44EF-B769-C6911E899DD5}.Debug|Any CPU.Build.0 = Debug|Any CPU
		{99BD1C8B-BFE6-44EF-B769-C6911E899DD5}.Release|Any CPU.ActiveCfg = Release|Any CPU
		{99BD1C8B-BFE6-44EF-B769-C6911E899DD5}.Release|Any CPU.Build.0 = Release|Any CPU
		{CA6D89A7-2622-4C06-A037-C618ADE98AAD}.Debug|Any CPU.ActiveCfg = Debug|Any CPU
		{CA6D89A7-2622-4C06-A037-C618ADE98AAD}.Debug|Any CPU.Build.0 = Debug|Any CPU
		{CA6D89A7-2622-4C06-A037-C618ADE98AAD}.Release|Any CPU.ActiveCfg = Release|Any CPU
		{CA6D89A7-2622-4C06-A037-C618ADE98AAD}.Release|Any CPU.Build.0 = Release|Any CPU
	EndGlobalSection
	GlobalSection(SolutionProperties) = preSolution
		HideSolutionNode = FALSE
	EndGlobalSection
	GlobalSection(ExtensibilityGlobals) = postSolution
		SolutionGuid = {73BB9BC0-E912-4D81-8F6D-477CB83FCE4D}
	EndGlobalSection
EndGlobal
